
Microsoft Visual Studio Solution File, Format Version 12.00
# Visual Studio 15
VisualStudioVersion = 15.0.28307.539
MinimumVisualStudioVersion = 10.0.40219.1
Project("{FAE04EC0-301F-11D3-BF4B-00C04F79EFBC}") = "a1", "a1\a1.csproj", "{FA1EA97D-F3E2-4CDE-BFAB-6D0DC7AD322D}"
EndProject
Global
	GlobalSection(SolutionConfigurationPlatforms) = preSolution
		Debug|Any CPU = Debug|Any CPU
		Release|Any CPU = Release|Any CPU
	EndGlobalSection
	GlobalSection(ProjectConfigurationPlatforms) = postSolution
		{FA1EA97D-F3E2-4CDE-BFAB-6D0DC7AD322D}.Debug|Any CPU.ActiveCfg = Debug|Any CPU
		{FA1EA97D-F3E2-4CDE-BFAB-6D0DC7AD322D}.Debug|Any CPU.Build.0 = Debug|Any CPU
		{FA1EA97D-F3E2-4CDE-BFAB-6D0DC7AD322D}.Release|Any CPU.ActiveCfg = Release|Any CPU
		{FA1EA97D-F3E2-4CDE-BFAB-6D0DC7AD322D}.Release|Any CPU.Build.0 = Release|Any CPU
	EndGlobalSection
	GlobalSection(SolutionProperties) = preSolution
		HideSolutionNode = FALSE
	EndGlobalSection
	GlobalSection(ExtensibilityGlobals) = postSolution
		SolutionGuid = {09717AA7-76CE-4860-921A-2790BE522C3C}
	EndGlobalSection
EndGlobal
