
Microsoft Visual Studio Solution File, Format Version 12.00
# Visual Studio 15
VisualStudioVersion = 15.0.27130.0
MinimumVisualStudioVersion = 10.0.40219.1
Project("{FAE04EC0-301F-11D3-BF4B-00C04F79EFBC}") = "copyfile", "copyfile\copyfile.csproj", "{A79CCDFC-6B74-45F9-B0D0-44D92310BAC6}"
EndProject
Global
	GlobalSection(SolutionConfigurationPlatforms) = preSolution
		Debug|Any CPU = Debug|Any CPU
		Release|Any CPU = Release|Any CPU
	EndGlobalSection
	GlobalSection(ProjectConfigurationPlatforms) = postSolution
		{A79CCDFC-6B74-45F9-B0D0-44D92310BAC6}.Debug|Any CPU.ActiveCfg = Debug|Any CPU
		{A79CCDFC-6B74-45F9-B0D0-44D92310BAC6}.Debug|Any CPU.Build.0 = Debug|Any CPU
		{A79CCDFC-6B74-45F9-B0D0-44D92310BAC6}.Release|Any CPU.ActiveCfg = Release|Any CPU
		{A79CCDFC-6B74-45F9-B0D0-44D92310BAC6}.Release|Any CPU.Build.0 = Release|Any CPU
	EndGlobalSection
	GlobalSection(SolutionProperties) = preSolution
		HideSolutionNode = FALSE
	EndGlobalSection
	GlobalSection(ExtensibilityGlobals) = postSolution
		SolutionGuid = {347466D2-4D73-4DB5-AA36-932A1963C737}
	EndGlobalSection
EndGlobal
